// !$*UTF8*$!
{
	archiveVersion = 1;
	classes = {
	};
	objectVersion = 46;
	objects = {

/* Begin PBXBuildFile section */
		42CCFF421DD56FBD00567D54 /* AppDelegate.swift in Sources */ = {isa = PBXBuildFile; fileRef = 42CCFF411DD56FBD00567D54 /* AppDelegate.swift */; };
		42CCFF471DD56FBD00567D54 /* Main.storyboard in Resources */ = {isa = PBXBuildFile; fileRef = 42CCFF451DD56FBD00567D54 /* Main.storyboard */; };
		42CCFF491DD56FBD00567D54 /* Assets.xcassets in Resources */ = {isa = PBXBuildFile; fileRef = 42CCFF481DD56FBD00567D54 /* Assets.xcassets */; };
		42CCFF4C1DD56FBD00567D54 /* LaunchScreen.storyboard in Resources */ = {isa = PBXBuildFile; fileRef = 42CCFF4A1DD56FBD00567D54 /* LaunchScreen.storyboard */; };
		42CCFF551DD5717600567D54 /* CardsViewController.swift in Sources */ = {isa = PBXBuildFile; fileRef = 42CCFF541DD5717600567D54 /* CardsViewController.swift */; };
		42CCFF591DD573F900567D54 /* DraggableImageView.swift in Sources */ = {isa = PBXBuildFile; fileRef = 42CCFF581DD573F900567D54 /* DraggableImageView.swift */; };
		42CCFF5B1DD5740900567D54 /* DraggableImageView.xib in Resources */ = {isa = PBXBuildFile; fileRef = 42CCFF5A1DD5740900567D54 /* DraggableImageView.xib */; };
/* End PBXBuildFile section */

/* Begin PBXFileReference section */
		42CCFF3E1DD56FBD00567D54 /* Tinder.app */ = {isa = PBXFileReference; explicitFileType = wrapper.application; includeInIndex = 0; path = Tinder.app; sourceTree = BUILT_PRODUCTS_DIR; };
		42CCFF411DD56FBD00567D54 /* AppDelegate.swift */ = {isa = PBXFileReference; lastKnownFileType = sourcecode.swift; path = AppDelegate.swift; sourceTree = "<group>"; };
		42CCFF461DD56FBD00567D54 /* Base */ = {isa = PBXFileReference; lastKnownFileType = file.storyboard; name = Base; path = Base.lproj/Main.storyboard; sourceTree = "<group>"; };
		42CCFF481DD56FBD00567D54 /* Assets.xcassets */ = {isa = PBXFileReference; lastKnownFileType = folder.assetcatalog; path = Assets.xcassets; sourceTree = "<group>"; };
		42CCFF4B1DD56FBD00567D54 /* Base */ = {isa = PBXFileReference; lastKnownFileType = file.storyboard; name = Base; path = Base.lproj/LaunchScreen.storyboard; sourceTree = "<group>"; };
		42CCFF4D1DD56FBD00567D54 /* Info.plist */ = {isa = PBXFileReference; lastKnownFileType = text.plist.xml; path = Info.plist; sourceTree = "<group>"; };
		42CCFF541DD5717600567D54 /* CardsViewController.swift */ = {isa = PBXFileReference; fileEncoding = 4; lastKnownFileType = sourcecode.swift; name = CardsViewController.swift; path = ../CardsViewController.swift; sourceTree = "<group>"; };
		42CCFF581DD573F900567D54 /* DraggableImageView.swift */ = {isa = PBXFileReference; fileEncoding = 4; lastKnownFileType = sourcecode.swift; path = DraggableImageView.swift; sourceTree = "<group>"; };
		42CCFF5A1DD5740900567D54 /* DraggableImageView.xib */ = {isa = PBXFileReference; fileEncoding = 4; lastKnownFileType = file.xib; path = DraggableImageView.xib; sourceTree = "<group>"; };
/* End PBXFileReference section */

/* Begin PBXFrameworksBuildPhase section */
		42CCFF3B1DD56FBD00567D54 /* Frameworks */ = {
			isa = PBXFrameworksBuildPhase;
			buildActionMask = 2147483647;
			files = (
			);
			runOnlyForDeploymentPostprocessing = 0;
		};
/* End PBXFrameworksBuildPhase section */

/* Begin PBXGroup section */
		42CCFF351DD56FBD00567D54 = {
			isa = PBXGroup;
			children = (
				42CCFF401DD56FBD00567D54 /* Tinder */,
				42CCFF3F1DD56FBD00567D54 /* Products */,
			);
			sourceTree = "<group>";
		};
		42CCFF3F1DD56FBD00567D54 /* Products */ = {
			isa = PBXGroup;
			children = (
				42CCFF3E1DD56FBD00567D54 /* Tinder.app */,
			);
			name = Products;
			sourceTree = "<group>";
		};
		42CCFF401DD56FBD00567D54 /* Tinder */ = {
			isa = PBXGroup;
			children = (
				42CCFF531DD5703800567D54 /* Views */,
				42CCFF411DD56FBD00567D54 /* AppDelegate.swift */,
				42CCFF541DD5717600567D54 /* CardsViewController.swift */,
				42CCFF451DD56FBD00567D54 /* Main.storyboard */,
				42CCFF481DD56FBD00567D54 /* Assets.xcassets */,
				42CCFF4A1DD56FBD00567D54 /* LaunchScreen.storyboard */,
				42CCFF4D1DD56FBD00567D54 /* Info.plist */,
			);
			path = Tinder;
			sourceTree = "<group>";
		};
		42CCFF531DD5703800567D54 /* Views */ = {
			isa = PBXGroup;
			children = (
				42CCFF581DD573F900567D54 /* DraggableImageView.swift */,
				42CCFF5A1DD5740900567D54 /* DraggableImageView.xib */,
			);
			name = Views;
			sourceTree = "<group>";
		};
/* End PBXGroup section */

/* Begin PBXNativeTarget section */
		42CCFF3D1DD56FBD00567D54 /* Tinder */ = {
			isa = PBXNativeTarget;
			buildConfigurationList = 42CCFF501DD56FBD00567D54 /* Build configuration list for PBXNativeTarget "Tinder" */;
			buildPhases = (
				42CCFF3A1DD56FBD00567D54 /* Sources */,
				42CCFF3B1DD56FBD00567D54 /* Frameworks */,
				42CCFF3C1DD56FBD00567D54 /* Resources */,
			);
			buildRules = (
			);
			dependencies = (
			);
			name = Tinder;
			productName = Tinder;
			productReference = 42CCFF3E1DD56FBD00567D54 /* Tinder.app */;
			productType = "com.apple.product-type.application";
		};
/* End PBXNativeTarget section */

/* Begin PBXProject section */
		42CCFF361DD56FBD00567D54 /* Project object */ = {
			isa = PBXProject;
			attributes = {
				LastSwiftUpdateCheck = 0810;
				LastUpgradeCheck = 0810;
				ORGANIZATIONNAME = JoshuaJason;
				TargetAttributes = {
					42CCFF3D1DD56FBD00567D54 = {
						CreatedOnToolsVersion = 8.1;
						DevelopmentTeam = GFSP92A3FB;
						ProvisioningStyle = Automatic;
					};
				};
			};
			buildConfigurationList = 42CCFF391DD56FBD00567D54 /* Build configuration list for PBXProject "Tinder" */;
			compatibilityVersion = "Xcode 3.2";
			developmentRegion = English;
			hasScannedForEncodings = 0;
			knownRegions = (
				en,
				Base,
			);
			mainGroup = 42CCFF351DD56FBD00567D54;
			productRefGroup = 42CCFF3F1DD56FBD00567D54 /* Products */;
			projectDirPath = "";
			projectRoot = "";
			targets = (
				42CCFF3D1DD56FBD00567D54 /* Tinder */,
			);
		};
/* End PBXProject section */

/* Begin PBXResourcesBuildPhase section */
		42CCFF3C1DD56FBD00567D54 /* Resources */ = {
			isa = PBXResourcesBuildPhase;
			buildActionMask = 2147483647;
			files = (
				42CCFF4C1DD56FBD00567D54 /* LaunchScreen.storyboard in Resources */,
				42CCFF491DD56FBD00567D54 /* Assets.xcassets in Resources */,
				42CCFF5B1DD5740900567D54 /* DraggableImageView.xib in Resources */,
				42CCFF471DD56FBD00567D54 /* Main.storyboard in Resources */,
			);
			runOnlyForDeploymentPostprocessing = 0;
		};
/* End PBXResourcesBuildPhase section */

/* Begin PBXSourcesBuildPhase section */
		42CCFF3A1DD56FBD00567D54 /* Sources */ = {
			isa = PBXSourcesBuildPhase;
			buildActionMask = 2147483647;
			files = (
				42CCFF551DD5717600567D54 /* CardsViewController.swift in Sources */,
				42CCFF591DD573F900567D54 /* DraggableImageView.swift in Sources */,
				42CCFF421DD56FBD00567D54 /* AppDelegate.swift in Sources */,
			);
			runOnlyForDeploymentPostprocessing = 0;
		};
/* End PBXSourcesBuildPhase section */

/* Begin PBXVariantGroup section */
		42CCFF451DD56FBD00567D54 /* Main.storyboard */ = {
			isa = PBXVariantGroup;
			children = (
				42CCFF461DD56FBD00567D54 /* Base */,
			);
			name = Main.storyboard;
			sourceTree = "<group>";
		};
		42CCFF4A1DD56FBD00567D54 /* LaunchScreen.storyboard */ = {
			isa = PBXVariantGroup;
			children = (
				42CCFF4B1DD56FBD00567D54 /* Base */,
			);
			name = LaunchScreen.storyboard;
			sourceTree = "<group>";
		};
/* End PBXVariantGroup section */

/* Begin XCBuildConfiguration section */
		42CCFF4E1DD56FBD00567D54 /* Debug */ = {
			isa = XCBuildConfiguration;
			buildSettings = {
				ALWAYS_SEARCH_USER_PATHS = NO;
				CLANG_ANALYZER_NONNULL = YES;
				CLANG_CXX_LANGUAGE_STANDARD = "gnu++0x";
				CLANG_CXX_LIBRARY = "libc++";
				CLANG_ENABLE_MODULES = YES;
				CLANG_ENABLE_OBJC_ARC = YES;
				CLANG_WARN_BOOL_CONVERSION = YES;
				CLANG_WARN_CONSTANT_CONVERSION = YES;
				CLANG_WARN_DIRECT_OBJC_ISA_USAGE = YES_ERROR;
				CLANG_WARN_DOCUMENTATION_COMMENTS = YES;
				CLANG_WARN_EMPTY_BODY = YES;
				CLANG_WARN_ENUM_CONVERSION = YES;
				CLANG_WARN_INFINITE_RECURSION = YES;
				CLANG_WARN_INT_CONVERSION = YES;
				CLANG_WARN_OBJC_ROOT_CLASS = YES_ERROR;
				CLANG_WARN_SUSPICIOUS_MOVES = YES;
				CLANG_WARN_UNREACHABLE_CODE = YES;
				CLANG_WARN__DUPLICATE_METHOD_MATCH = YES;
				"CODE_SIGN_IDENTITY[sdk=iphoneos*]" = "iPhone Developer";
				COPY_PHASE_STRIP = NO;
				DEBUG_INFORMATION_FORMAT = dwarf;
				ENABLE_STRICT_OBJC_MSGSEND = YES;
				ENABLE_TESTABILITY = YES;
				GCC_C_LANGUAGE_STANDARD = gnu99;
				GCC_DYNAMIC_NO_PIC = NO;
				GCC_NO_COMMON_BLOCKS = YES;
				GCC_OPTIMIZATION_LEVEL = 0;
				GCC_PREPROCESSOR_DEFINITIONS = (
					"DEBUG=1",
					"$(inherited)",
				);
				GCC_WARN_64_TO_32_BIT_CONVERSION = YES;
				GCC_WARN_ABOUT_RETURN_TYPE = YES_ERROR;
				GCC_WARN_UNDECLARED_SELECTOR = YES;
				GCC_WARN_UNINITIALIZED_AUTOS = YES_AGGRESSIVE;
				GCC_WARN_UNUSED_FUNCTION = YES;
				GCC_WARN_UNUSED_VARIABLE = YES;
				IPHONEOS_DEPLOYMENT_TARGET = 10.1;
				MTL_ENABLE_DEBUG_INFO = YES;
				ONLY_ACTIVE_ARCH = YES;
				SDKROOT = iphoneos;
				SWIFT_ACTIVE_COMPILATION_CONDITIONS = DEBUG;
				SWIFT_OPTIMIZATION_LEVEL = "-Onone";
			};
			name = Debug;
		};
		42CCFF4F1DD56FBD00567D54 /* Release */ = {
			isa = XCBuildConfiguration;
			buildSettings = {
				ALWAYS_SEARCH_USER_PATHS = NO;
				CLANG_ANALYZER_NONNULL = YES;
				CLANG_CXX_LANGUAGE_STANDARD = "gnu++0x";
				CLANG_CXX_LIBRARY = "libc++";
				CLANG_ENABLE_MODULES = YES;
				CLANG_ENABLE_OBJC_ARC = YES;
				CLANG_WARN_BOOL_CONVERSION = YES;
				CLANG_WARN_CONSTANT_CONVERSION = YES;
				CLANG_WARN_DIRECT_OBJC_ISA_USAGE = YES_ERROR;
				CLANG_WARN_DOCUMENTATION_COMMENTS = YES;
				CLANG_WARN_EMPTY_BODY = YES;
				CLANG_WARN_ENUM_CONVERSION = YES;
				CLANG_WARN_INFINITE_RECURSION = YES;
				CLANG_WARN_INT_CONVERSION = YES;
				CLANG_WARN_OBJC_ROOT_CLASS = YES_ERROR;
				CLANG_WARN_SUSPICIOUS_MOVES = YES;
				CLANG_WARN_UNREACHABLE_CODE = YES;
				CLANG_WARN__DUPLICATE_METHOD_MATCH = YES;
				"CODE_SIGN_IDENTITY[sdk=iphoneos*]" = "iPhone Developer";
				COPY_PHASE_STRIP = NO;
				DEBUG_INFORMATION_FORMAT = "dwarf-with-dsym";
				ENABLE_NS_ASSERTIONS = NO;
				ENABLE_STRICT_OBJC_MSGSEND = YES;
				GCC_C_LANGUAGE_STANDARD = gnu99;
				GCC_NO_COMMON_BLOCKS = YES;
				GCC_WARN_64_TO_32_BIT_CONVERSION = YES;
				GCC_WARN_ABOUT_RETURN_TYPE = YES_ERROR;
				GCC_WARN_UNDECLARED_SELECTOR = YES;
				GCC_WARN_UNINITIALIZED_AUTOS = YES_AGGRESSIVE;
				GCC_WARN_UNUSED_FUNCTION = YES;
				GCC_WARN_UNUSED_VARIABLE = YES;
				IPHONEOS_DEPLOYMENT_TARGET = 10.1;
				MTL_ENABLE_DEBUG_INFO = NO;
				SDKROOT = iphoneos;
				SWIFT_OPTIMIZATION_LEVEL = "-Owholemodule";
				VALIDATE_PRODUCT = YES;
			};
			name = Release;
		};
		42CCFF511DD56FBD00567D54 /* Debug */ = {
			isa = XCBuildConfiguration;
			buildSettings = {
				ASSETCATALOG_COMPILER_APPICON_NAME = AppIcon;
				DEVELOPMENT_TEAM = GFSP92A3FB;
				INFOPLIST_FILE = Tinder/Info.plist;
				LD_RUNPATH_SEARCH_PATHS = "$(inherited) @executable_path/Frameworks";
				PRODUCT_BUNDLE_IDENTIFIER = jj.Tinder;
				PRODUCT_NAME = "$(TARGET_NAME)";
				SWIFT_VERSION = 3.0;
			};
			name = Debug;
		};
		42CCFF521DD56FBD00567D54 /* Release */ = {
			isa = XCBuildConfiguration;
			buildSettings = {
				ASSETCATALOG_COMPILER_APPICON_NAME = AppIcon;
				DEVELOPMENT_TEAM = GFSP92A3FB;
				INFOPLIST_FILE = Tinder/Info.plist;
				LD_RUNPATH_SEARCH_PATHS = "$(inherited) @executable_path/Frameworks";
				PRODUCT_BUNDLE_IDENTIFIER = jj.Tinder;
				PRODUCT_NAME = "$(TARGET_NAME)";
				SWIFT_VERSION = 3.0;
			};
			name = Release;
		};
/* End XCBuildConfiguration section */

/* Begin XCConfigurationList section */
		42CCFF391DD56FBD00567D54 /* Build configuration list for PBXProject "Tinder" */ = {
			isa = XCConfigurationList;
			buildConfigurations = (
				42CCFF4E1DD56FBD00567D54 /* Debug */,
				42CCFF4F1DD56FBD00567D54 /* Release */,
			);
			defaultConfigurationIsVisible = 0;
			defaultConfigurationName = Release;
		};
		42CCFF501DD56FBD00567D54 /* Build configuration list for PBXNativeTarget "Tinder" */ = {
			isa = XCConfigurationList;
			buildConfigurations = (
				42CCFF511DD56FBD00567D54 /* Debug */,
				42CCFF521DD56FBD00567D54 /* Release */,
			);
			defaultConfigurationIsVisible = 0;
		};
/* End XCConfigurationList section */
	};
	rootObject = 42CCFF361DD56FBD00567D54 /* Project object */;
}
